
Microsoft Visual Studio Solution File, Format Version 12.00
# Visual Studio Version 17
VisualStudioVersion = 17.5.33627.172
MinimumVisualStudioVersion = 10.0.40219.1
Project("{FAE04EC0-301F-11D3-BF4B-00C04F79EFBC}") = "API_Test_Method_Put", "API_Test_Method_Put\API_Test_Method_Put.csproj", "{D96429F6-604F-4AFA-B9A2-9DB08C05CA9E}"
EndProject
Global
	GlobalSection(SolutionConfigurationPlatforms) = preSolution
		Debug|Any CPU = Debug|Any CPU
		Release|Any CPU = Release|Any CPU
	EndGlobalSection
	GlobalSection(ProjectConfigurationPlatforms) = postSolution
		{D96429F6-604F-4AFA-B9A2-9DB08C05CA9E}.Debug|Any CPU.ActiveCfg = Debug|Any CPU
		{D96429F6-604F-4AFA-B9A2-9DB08C05CA9E}.Debug|Any CPU.Build.0 = Debug|Any CPU
		{D96429F6-604F-4AFA-B9A2-9DB08C05CA9E}.Release|Any CPU.ActiveCfg = Release|Any CPU
		{D96429F6-604F-4AFA-B9A2-9DB08C05CA9E}.Release|Any CPU.Build.0 = Release|Any CPU
	EndGlobalSection
	GlobalSection(SolutionProperties) = preSolution
		HideSolutionNode = FALSE
	EndGlobalSection
	GlobalSection(ExtensibilityGlobals) = postSolution
		SolutionGuid = {5770A4A1-4923-4DEF-8FCC-52ED8AE48475}
	EndGlobalSection
EndGlobal
